
Microsoft Visual Studio Solution File, Format Version 12.00
# Visual Studio 15
VisualStudioVersion = 15.0.28307.329
MinimumVisualStudioVersion = 10.0.40219.1
Project("{FAE04EC0-301F-11D3-BF4B-00C04F79EFBC}") = "TiposDeLayoutsPV.Android", "TiposDeLayoutsPV\TiposDeLayoutsPV.Android\TiposDeLayoutsPV.Android.csproj", "{0F664EF0-972D-4BC5-B85D-E36A43C445D9}"
EndProject
Project("{FAE04EC0-301F-11D3-BF4B-00C04F79EFBC}") = "TiposDeLayoutsPV.iOS", "TiposDeLayoutsPV\TiposDeLayoutsPV.iOS\TiposDeLayoutsPV.iOS.csproj", "{9C139D2E-272F-442A-A801-B2A9230D4DBF}"
EndProject
Project("{FAE04EC0-301F-11D3-BF4B-00C04F79EFBC}") = "TiposDeLayoutsPV.UWP", "TiposDeLayoutsPV\TiposDeLayoutsPV.UWP\TiposDeLayoutsPV.UWP.csproj", "{1914D037-B8C5-4449-B398-0EA47884B001}"
EndProject
Project("{FAE04EC0-301F-11D3-BF4B-00C04F79EFBC}") = "TiposDeLayoutsPV", "TiposDeLayoutsPV\TiposDeLayoutsPV\TiposDeLayoutsPV.csproj", "{2D37B7AD-3DC2-4231-A37A-CCC242B94FC9}"
EndProject
Global
	GlobalSection(SolutionConfigurationPlatforms) = preSolution
		Ad-Hoc|Any CPU = Ad-Hoc|Any CPU
		Ad-Hoc|ARM = Ad-Hoc|ARM
		Ad-Hoc|iPhone = Ad-Hoc|iPhone
		Ad-Hoc|iPhoneSimulator = Ad-Hoc|iPhoneSimulator
		Ad-Hoc|x64 = Ad-Hoc|x64
		Ad-Hoc|x86 = Ad-Hoc|x86
		AppStore|Any CPU = AppStore|Any CPU
		AppStore|ARM = AppStore|ARM
		AppStore|iPhone = AppStore|iPhone
		AppStore|iPhoneSimulator = AppStore|iPhoneSimulator
		AppStore|x64 = AppStore|x64
		AppStore|x86 = AppStore|x86
		Debug|Any CPU = Debug|Any CPU
		Debug|ARM = Debug|ARM
		Debug|iPhone = Debug|iPhone
		Debug|iPhoneSimulator = Debug|iPhoneSimulator
		Debug|x64 = Debug|x64
		Debug|x86 = Debug|x86
		Release|Any CPU = Release|Any CPU
		Release|ARM = Release|ARM
		Release|iPhone = Release|iPhone
		Release|iPhoneSimulator = Release|iPhoneSimulator
		Release|x64 = Release|x64
		Release|x86 = Release|x86
	EndGlobalSection
	GlobalSection(ProjectConfigurationPlatforms) = postSolution
		{0F664EF0-972D-4BC5-B85D-E36A43C445D9}.Ad-Hoc|Any CPU.ActiveCfg = Release|Any CPU
		{0F664EF0-972D-4BC5-B85D-E36A43C445D9}.Ad-Hoc|Any CPU.Build.0 = Release|Any CPU
		{0F664EF0-972D-4BC5-B85D-E36A43C445D9}.Ad-Hoc|Any CPU.Deploy.0 = Release|Any CPU
		{0F664EF0-972D-4BC5-B85D-E36A43C445D9}.Ad-Hoc|ARM.ActiveCfg = Release|Any CPU
		{0F664EF0-972D-4BC5-B85D-E36A43C445D9}.Ad-Hoc|ARM.Build.0 = Release|Any CPU
		{0F664EF0-972D-4BC5-B85D-E36A43C445D9}.Ad-Hoc|ARM.Deploy.0 = Release|Any CPU
		{0F664EF0-972D-4BC5-B85D-E36A43C445D9}.Ad-Hoc|iPhone.ActiveCfg = Release|Any CPU
		{0F664EF0-972D-4BC5-B85D-E36A43C445D9}.Ad-Hoc|iPhone.Build.0 = Release|Any CPU
		{0F664EF0-972D-4BC5-B85D-E36A43C445D9}.Ad-Hoc|iPhone.Deploy.0 = Release|Any CPU
		{0F664EF0-972D-4BC5-B85D-E36A43C445D9}.Ad-Hoc|iPhoneSimulator.ActiveCfg = Release|Any CPU
		{0F664EF0-972D-4BC5-B85D-E36A43C445D9}.Ad-Hoc|iPhoneSimulator.Build.0 = Release|Any CPU
		{0F664EF0-972D-4BC5-B85D-E36A43C445D9}.Ad-Hoc|iPhoneSimulator.Deploy.0 = Release|Any CPU
		{0F664EF0-972D-4BC5-B85D-E36A43C445D9}.Ad-Hoc|x64.ActiveCfg = Release|Any CPU
		{0F664EF0-972D-4BC5-B85D-E36A43C445D9}.Ad-Hoc|x64.Build.0 = Release|Any CPU
		{0F664EF0-972D-4BC5-B85D-E36A43C445D9}.Ad-Hoc|x64.Deploy.0 = Release|Any CPU
		{0F664EF0-972D-4BC5-B85D-E36A43C445D9}.Ad-Hoc|x86.ActiveCfg = Release|Any CPU
		{0F664EF0-972D-4BC5-B85D-E36A43C445D9}.Ad-Hoc|x86.Build.0 = Release|Any CPU
		{0F664EF0-972D-4BC5-B85D-E36A43C445D9}.Ad-Hoc|x86.Deploy.0 = Release|Any CPU
		{0F664EF0-972D-4BC5-B85D-E36A43C445D9}.AppStore|Any CPU.ActiveCfg = Release|Any CPU
		{0F664EF0-972D-4BC5-B85D-E36A43C445D9}.AppStore|Any CPU.Build.0 = Release|Any CPU
		{0F664EF0-972D-4BC5-B85D-E36A43C445D9}.AppStore|Any CPU.Deploy.0 = Release|Any CPU
		{0F664EF0-972D-4BC5-B85D-E36A43C445D9}.AppStore|ARM.ActiveCfg = Release|Any CPU
		{0F664EF0-972D-4BC5-B85D-E36A43C445D9}.AppStore|ARM.Build.0 = Release|Any CPU
		{0F664EF0-972D-4BC5-B85D-E36A43C445D9}.AppStore|ARM.Deploy.0 = Release|Any CPU
		{0F664EF0-972D-4BC5-B85D-E36A43C445D9}.AppStore|iPhone.ActiveCfg = Release|Any CPU
		{0F664EF0-972D-4BC5-B85D-E36A43C445D9}.AppStore|iPhone.Build.0 = Release|Any CPU
		{0F664EF0-972D-4BC5-B85D-E36A43C445D9}.AppStore|iPhone.Deploy.0 = Release|Any CPU
		{0F664EF0-972D-4BC5-B85D-E36A43C445D9}.AppStore|iPhoneSimulator.ActiveCfg = Release|Any CPU
		{0F664EF0-972D-4BC5-B85D-E36A43C445D9}.AppStore|iPhoneSimulator.Build.0 = Release|Any CPU
		{0F664EF0-972D-4BC5-B85D-E36A43C445D9}.AppStore|iPhoneSimulator.Deploy.0 = Release|Any CPU
		{0F664EF0-972D-4BC5-B85D-E36A43C445D9}.AppStore|x64.ActiveCfg = Release|Any CPU
		{0F664EF0-972D-4BC5-B85D-E36A43C445D9}.AppStore|x64.Build.0 = Release|Any CPU
		{0F664EF0-972D-4BC5-B85D-E36A43C445D9}.AppStore|x64.Deploy.0 = Release|Any CPU
		{0F664EF0-972D-4BC5-B85D-E36A43C445D9}.AppStore|x86.ActiveCfg = Release|Any CPU
		{0F664EF0-972D-4BC5-B85D-E36A43C445D9}.AppStore|x86.Build.0 = Release|Any CPU
		{0F664EF0-972D-4BC5-B85D-E36A43C445D9}.AppStore|x86.Deploy.0 = Release|Any CPU
		{0F664EF0-972D-4BC5-B85D-E36A43C445D9}.Debug|Any CPU.ActiveCfg = Debug|Any CPU
		{0F664EF0-972D-4BC5-B85D-E36A43C445D9}.Debug|Any CPU.Build.0 = Debug|Any CPU
		{0F664EF0-972D-4BC5-B85D-E36A43C445D9}.Debug|Any CPU.Deploy.0 = Debug|Any CPU
		{0F664EF0-972D-4BC5-B85D-E36A43C445D9}.Debug|ARM.ActiveCfg = Debug|Any CPU
		{0F664EF0-972D-4BC5-B85D-E36A43C445D9}.Debug|ARM.Build.0 = Debug|Any CPU
		{0F664EF0-972D-4BC5-B85D-E36A43C445D9}.Debug|ARM.Deploy.0 = Debug|Any CPU
		{0F664EF0-972D-4BC5-B85D-E36A43C445D9}.Debug|iPhone.ActiveCfg = Debug|Any CPU
		{0F664EF0-972D-4BC5-B85D-E36A43C445D9}.Debug|iPhone.Build.0 = Debug|Any CPU
		{0F664EF0-972D-4BC5-B85D-E36A43C445D9}.Debug|iPhone.Deploy.0 = Debug|Any CPU
		{0F664EF0-972D-4BC5-B85D-E36A43C445D9}.Debug|iPhoneSimulator.ActiveCfg = Debug|Any CPU
		{0F664EF0-972D-4BC5-B85D-E36A43C445D9}.Debug|iPhoneSimulator.Build.0 = Debug|Any CPU
		{0F664EF0-972D-4BC5-B85D-E36A43C445D9}.Debug|iPhoneSimulator.Deploy.0 = Debug|Any CPU
		{0F664EF0-972D-4BC5-B85D-E36A43C445D9}.Debug|x64.ActiveCfg = Debug|Any CPU
		{0F664EF0-972D-4BC5-B85D-E36A43C445D9}.Debug|x64.Build.0 = Debug|Any CPU
		{0F664EF0-972D-4BC5-B85D-E36A43C445D9}.Debug|x64.Deploy.0 = Debug|Any CPU
		{0F664EF0-972D-4BC5-B85D-E36A43C445D9}.Debug|x86.ActiveCfg = Debug|Any CPU
		{0F664EF0-972D-4BC5-B85D-E36A43C445D9}.Debug|x86.Build.0 = Debug|Any CPU
		{0F664EF0-972D-4BC5-B85D-E36A43C445D9}.Debug|x86.Deploy.0 = Debug|Any CPU
		{0F664EF0-972D-4BC5-B85D-E36A43C445D9}.Release|Any CPU.ActiveCfg = Release|Any CPU
		{0F664EF0-972D-4BC5-B85D-E36A43C445D9}.Release|Any CPU.Build.0 = Release|Any CPU
		{0F664EF0-972D-4BC5-B85D-E36A43C445D9}.Release|Any CPU.Deploy.0 = Release|Any CPU
		{0F664EF0-972D-4BC5-B85D-E36A43C445D9}.Release|ARM.ActiveCfg = Release|Any CPU
		{0F664EF0-972D-4BC5-B85D-E36A43C445D9}.Release|ARM.Build.0 = Release|Any CPU
		{0F664EF0-972D-4BC5-B85D-E36A43C445D9}.Release|ARM.Deploy.0 = Release|Any CPU
		{0F664EF0-972D-4BC5-B85D-E36A43C445D9}.Release|iPhone.ActiveCfg = Release|Any CPU
		{0F664EF0-972D-4BC5-B85D-E36A43C445D9}.Release|iPhone.Build.0 = Release|Any CPU
		{0F664EF0-972D-4BC5-B85D-E36A43C445D9}.Release|iPhone.Deploy.0 = Release|Any CPU
		{0F664EF0-972D-4BC5-B85D-E36A43C445D9}.Release|iPhoneSimulator.ActiveCfg = Release|Any CPU
		{0F664EF0-972D-4BC5-B85D-E36A43C445D9}.Release|iPhoneSimulator.Build.0 = Release|Any CPU
		{0F664EF0-972D-4BC5-B85D-E36A43C445D9}.Release|iPhoneSimulator.Deploy.0 = Release|Any CPU
		{0F664EF0-972D-4BC5-B85D-E36A43C445D9}.Release|x64.ActiveCfg = Release|Any CPU
		{0F664EF0-972D-4BC5-B85D-E36A43C445D9}.Release|x64.Build.0 = Release|Any CPU
		{0F664EF0-972D-4BC5-B85D-E36A43C445D9}.Release|x64.Deploy.0 = Release|Any CPU
		{0F664EF0-972D-4BC5-B85D-E36A43C445D9}.Release|x86.ActiveCfg = Release|Any CPU
		{0F664EF0-972D-4BC5-B85D-E36A43C445D9}.Release|x86.Build.0 = Release|Any CPU
		{0F664EF0-972D-4BC5-B85D-E36A43C445D9}.Release|x86.Deploy.0 = Release|Any CPU
		{9C139D2E-272F-442A-A801-B2A9230D4DBF}.Ad-Hoc|Any CPU.ActiveCfg = Ad-Hoc|iPhone
		{9C139D2E-272F-442A-A801-B2A9230D4DBF}.Ad-Hoc|Any CPU.Build.0 = Ad-Hoc|iPhone
		{9C139D2E-272F-442A-A801-B2A9230D4DBF}.Ad-Hoc|Any CPU.Deploy.0 = Ad-Hoc|iPhone
		{9C139D2E-272F-442A-A801-B2A9230D4DBF}.Ad-Hoc|ARM.ActiveCfg = Ad-Hoc|iPhone
		{9C139D2E-272F-442A-A801-B2A9230D4DBF}.Ad-Hoc|ARM.Build.0 = Ad-Hoc|iPhone
		{9C139D2E-272F-442A-A801-B2A9230D4DBF}.Ad-Hoc|ARM.Deploy.0 = Ad-Hoc|iPhone
		{9C139D2E-272F-442A-A801-B2A9230D4DBF}.Ad-Hoc|iPhone.ActiveCfg = Ad-Hoc|iPhone
		{9C139D2E-272F-442A-A801-B2A9230D4DBF}.Ad-Hoc|iPhone.Build.0 = Ad-Hoc|iPhone
		{9C139D2E-272F-442A-A801-B2A9230D4DBF}.Ad-Hoc|iPhone.Deploy.0 = Ad-Hoc|iPhone
		{9C139D2E-272F-442A-A801-B2A9230D4DBF}.Ad-Hoc|iPhoneSimulator.ActiveCfg = Ad-Hoc|iPhoneSimulator
		{9C139D2E-272F-442A-A801-B2A9230D4DBF}.Ad-Hoc|iPhoneSimulator.Build.0 = Ad-Hoc|iPhoneSimulator
		{9C139D2E-272F-442A-A801-B2A9230D4DBF}.Ad-Hoc|iPhoneSimulator.Deploy.0 = Ad-Hoc|iPhoneSimulator
		{9C139D2E-272F-442A-A801-B2A9230D4DBF}.Ad-Hoc|x64.ActiveCfg = Ad-Hoc|iPhone
		{9C139D2E-272F-442A-A801-B2A9230D4DBF}.Ad-Hoc|x64.Build.0 = Ad-Hoc|iPhone
		{9C139D2E-272F-442A-A801-B2A9230D4DBF}.Ad-Hoc|x64.Deploy.0 = Ad-Hoc|iPhone
		{9C139D2E-272F-442A-A801-B2A9230D4DBF}.Ad-Hoc|x86.ActiveCfg = Ad-Hoc|iPhone
		{9C139D2E-272F-442A-A801-B2A9230D4DBF}.Ad-Hoc|x86.Build.0 = Ad-Hoc|iPhone
		{9C139D2E-272F-442A-A801-B2A9230D4DBF}.Ad-Hoc|x86.Deploy.0 = Ad-Hoc|iPhone
		{9C139D2E-272F-442A-A801-B2A9230D4DBF}.AppStore|Any CPU.ActiveCfg = AppStore|iPhone
		{9C139D2E-272F-442A-A801-B2A9230D4DBF}.AppStore|Any CPU.Build.0 = AppStore|iPhone
		{9C139D2E-272F-442A-A801-B2A9230D4DBF}.AppStore|Any CPU.Deploy.0 = AppStore|iPhone
		{9C139D2E-272F-442A-A801-B2A9230D4DBF}.AppStore|ARM.ActiveCfg = AppStore|iPhone
		{9C139D2E-272F-442A-A801-B2A9230D4DBF}.AppStore|ARM.Build.0 = AppStore|iPhone
		{9C139D2E-272F-442A-A801-B2A9230D4DBF}.AppStore|ARM.Deploy.0 = AppStore|iPhone
		{9C139D2E-272F-442A-A801-B2A9230D4DBF}.AppStore|iPhone.ActiveCfg = AppStore|iPhone
		{9C139D2E-272F-442A-A801-B2A9230D4DBF}.AppStore|iPhone.Build.0 = AppStore|iPhone
		{9C139D2E-272F-442A-A801-B2A9230D4DBF}.AppStore|iPhone.Deploy.0 = AppStore|iPhone
		{9C139D2E-272F-442A-A801-B2A9230D4DBF}.AppStore|iPhoneSimulator.ActiveCfg = AppStore|iPhoneSimulator
		{9C139D2E-272F-442A-A801-B2A9230D4DBF}.AppStore|iPhoneSimulator.Build.0 = AppStore|iPhoneSimulator
		{9C139D2E-272F-442A-A801-B2A9230D4DBF}.AppStore|iPhoneSimulator.Deploy.0 = AppStore|iPhoneSimulator
		{9C139D2E-272F-442A-A801-B2A9230D4DBF}.AppStore|x64.ActiveCfg = AppStore|iPhone
		{9C139D2E-272F-442A-A801-B2A9230D4DBF}.AppStore|x64.Build.0 = AppStore|iPhone
		{9C139D2E-272F-442A-A801-B2A9230D4DBF}.AppStore|x64.Deploy.0 = AppStore|iPhone
		{9C139D2E-272F-442A-A801-B2A9230D4DBF}.AppStore|x86.ActiveCfg = AppStore|iPhone
		{9C139D2E-272F-442A-A801-B2A9230D4DBF}.AppStore|x86.Build.0 = AppStore|iPhone
		{9C139D2E-272F-442A-A801-B2A9230D4DBF}.AppStore|x86.Deploy.0 = AppStore|iPhone
		{9C139D2E-272F-442A-A801-B2A9230D4DBF}.Debug|Any CPU.ActiveCfg = Debug|iPhoneSimulator
		{9C139D2E-272F-442A-A801-B2A9230D4DBF}.Debug|Any CPU.Build.0 = Debug|iPhoneSimulator
		{9C139D2E-272F-442A-A801-B2A9230D4DBF}.Debug|Any CPU.Deploy.0 = Debug|iPhoneSimulator
		{9C139D2E-272F-442A-A801-B2A9230D4DBF}.Debug|ARM.ActiveCfg = Debug|iPhone
		{9C139D2E-272F-442A-A801-B2A9230D4DBF}.Debug|ARM.Build.0 = Debug|iPhone
		{9C139D2E-272F-442A-A801-B2A9230D4DBF}.Debug|ARM.Deploy.0 = Debug|iPhone
		{9C139D2E-272F-442A-A801-B2A9230D4DBF}.Debug|iPhone.ActiveCfg = Debug|iPhone
		{9C139D2E-272F-442A-A801-B2A9230D4DBF}.Debug|iPhone.Build.0 = Debug|iPhone
		{9C139D2E-272F-442A-A801-B2A9230D4DBF}.Debug|iPhone.Deploy.0 = Debug|iPhone
		{9C139D2E-272F-442A-A801-B2A9230D4DBF}.Debug|iPhoneSimulator.ActiveCfg = Debug|iPhoneSimulator
		{9C139D2E-272F-442A-A801-B2A9230D4DBF}.Debug|iPhoneSimulator.Build.0 = Debug|iPhoneSimulator
		{9C139D2E-272F-442A-A801-B2A9230D4DBF}.Debug|iPhoneSimulator.Deploy.0 = Debug|iPhoneSimulator
		{9C139D2E-272F-442A-A801-B2A9230D4DBF}.Debug|x64.ActiveCfg = Debug|iPhone
		{9C139D2E-272F-442A-A801-B2A9230D4DBF}.Debug|x64.Build.0 = Debug|iPhone
		{9C139D2E-272F-442A-A801-B2A9230D4DBF}.Debug|x64.Deploy.0 = Debug|iPhone
		{9C139D2E-272F-442A-A801-B2A9230D4DBF}.Debug|x86.ActiveCfg = Debug|iPhone
		{9C139D2E-272F-442A-A801-B2A9230D4DBF}.Debug|x86.Build.0 = Debug|iPhone
		{9C139D2E-272F-442A-A801-B2A9230D4DBF}.Debug|x86.Deploy.0 = Debug|iPhone
		{9C139D2E-272F-442A-A801-B2A9230D4DBF}.Release|Any CPU.ActiveCfg = Release|iPhone
		{9C139D2E-272F-442A-A801-B2A9230D4DBF}.Release|Any CPU.Build.0 = Release|iPhone
		{9C139D2E-272F-442A-A801-B2A9230D4DBF}.Release|Any CPU.Deploy.0 = Release|iPhone
		{9C139D2E-272F-442A-A801-B2A9230D4DBF}.Release|ARM.ActiveCfg = Release|iPhone
		{9C139D2E-272F-442A-A801-B2A9230D4DBF}.Release|ARM.Build.0 = Release|iPhone
		{9C139D2E-272F-442A-A801-B2A9230D4DBF}.Release|ARM.Deploy.0 = Release|iPhone
		{9C139D2E-272F-442A-A801-B2A9230D4DBF}.Release|iPhone.ActiveCfg = Release|iPhone
		{9C139D2E-272F-442A-A801-B2A9230D4DBF}.Release|iPhone.Build.0 = Release|iPhone
		{9C139D2E-272F-442A-A801-B2A9230D4DBF}.Release|iPhone.Deploy.0 = Release|iPhone
		{9C139D2E-272F-442A-A801-B2A9230D4DBF}.Release|iPhoneSimulator.ActiveCfg = Release|iPhoneSimulator
		{9C139D2E-272F-442A-A801-B2A9230D4DBF}.Release|iPhoneSimulator.Build.0 = Release|iPhoneSimulator
		{9C139D2E-272F-442A-A801-B2A9230D4DBF}.Release|iPhoneSimulator.Deploy.0 = Release|iPhoneSimulator
		{9C139D2E-272F-442A-A801-B2A9230D4DBF}.Release|x64.ActiveCfg = Release|iPhone
		{9C139D2E-272F-442A-A801-B2A9230D4DBF}.Release|x64.Build.0 = Release|iPhone
		{9C139D2E-272F-442A-A801-B2A9230D4DBF}.Release|x64.Deploy.0 = Release|iPhone
		{9C139D2E-272F-442A-A801-B2A9230D4DBF}.Release|x86.ActiveCfg = Release|iPhone
		{9C139D2E-272F-442A-A801-B2A9230D4DBF}.Release|x86.Build.0 = Release|iPhone
		{9C139D2E-272F-442A-A801-B2A9230D4DBF}.Release|x86.Deploy.0 = Release|iPhone
		{1914D037-B8C5-4449-B398-0EA47884B001}.Ad-Hoc|Any CPU.ActiveCfg = Release|x86
		{1914D037-B8C5-4449-B398-0EA47884B001}.Ad-Hoc|Any CPU.Build.0 = Release|x86
		{1914D037-B8C5-4449-B398-0EA47884B001}.Ad-Hoc|Any CPU.Deploy.0 = Release|x86
		{1914D037-B8C5-4449-B398-0EA47884B001}.Ad-Hoc|ARM.ActiveCfg = Release|ARM
		{1914D037-B8C5-4449-B398-0EA47884B001}.Ad-Hoc|ARM.Build.0 = Release|ARM
		{1914D037-B8C5-4449-B398-0EA47884B001}.Ad-Hoc|ARM.Deploy.0 = Release|ARM
		{1914D037-B8C5-4449-B398-0EA47884B001}.Ad-Hoc|iPhone.ActiveCfg = Release|x86
		{1914D037-B8C5-4449-B398-0EA47884B001}.Ad-Hoc|iPhone.Build.0 = Release|x86
		{1914D037-B8C5-4449-B398-0EA47884B001}.Ad-Hoc|iPhone.Deploy.0 = Release|x86
		{1914D037-B8C5-4449-B398-0EA47884B001}.Ad-Hoc|iPhoneSimulator.ActiveCfg = Release|x86
		{1914D037-B8C5-4449-B398-0EA47884B001}.Ad-Hoc|iPhoneSimulator.Build.0 = Release|x86
		{1914D037-B8C5-4449-B398-0EA47884B001}.Ad-Hoc|iPhoneSimulator.Deploy.0 = Release|x86
		{1914D037-B8C5-4449-B398-0EA47884B001}.Ad-Hoc|x64.ActiveCfg = Release|x64
		{1914D037-B8C5-4449-B398-0EA47884B001}.Ad-Hoc|x64.Build.0 = Release|x64
		{1914D037-B8C5-4449-B398-0EA47884B001}.Ad-Hoc|x64.Deploy.0 = Release|x64
		{1914D037-B8C5-4449-B398-0EA47884B001}.Ad-Hoc|x86.ActiveCfg = Release|x86
		{1914D037-B8C5-4449-B398-0EA47884B001}.Ad-Hoc|x86.Build.0 = Release|x86
		{1914D037-B8C5-4449-B398-0EA47884B001}.Ad-Hoc|x86.Deploy.0 = Release|x86
		{1914D037-B8C5-4449-B398-0EA47884B001}.AppStore|Any CPU.ActiveCfg = Release|x86
		{1914D037-B8C5-4449-B398-0EA47884B001}.AppStore|Any CPU.Build.0 = Release|x86
		{1914D037-B8C5-4449-B398-0EA47884B001}.AppStore|Any CPU.Deploy.0 = Release|x86
		{1914D037-B8C5-4449-B398-0EA47884B001}.AppStore|ARM.ActiveCfg = Release|ARM
		{1914D037-B8C5-4449-B398-0EA47884B001}.AppStore|ARM.Build.0 = Release|ARM
		{1914D037-B8C5-4449-B398-0EA47884B001}.AppStore|ARM.Deploy.0 = Release|ARM
		{1914D037-B8C5-4449-B398-0EA47884B001}.AppStore|iPhone.ActiveCfg = Release|x86
		{1914D037-B8C5-4449-B398-0EA47884B001}.AppStore|iPhone.Build.0 = Release|x86
		{1914D037-B8C5-4449-B398-0EA47884B001}.AppStore|iPhone.Deploy.0 = Release|x86
		{1914D037-B8C5-4449-B398-0EA47884B001}.AppStore|iPhoneSimulator.ActiveCfg = Release|x86
		{1914D037-B8C5-4449-B398-0EA47884B001}.AppStore|iPhoneSimulator.Build.0 = Release|x86
		{1914D037-B8C5-4449-B398-0EA47884B001}.AppStore|iPhoneSimulator.Deploy.0 = Release|x86
		{1914D037-B8C5-4449-B398-0EA47884B001}.AppStore|x64.ActiveCfg = Release|x64
		{1914D037-B8C5-4449-B398-0EA47884B001}.AppStore|x64.Build.0 = Release|x64
		{1914D037-B8C5-4449-B398-0EA47884B001}.AppStore|x64.Deploy.0 = Release|x64
		{1914D037-B8C5-4449-B398-0EA47884B001}.AppStore|x86.ActiveCfg = Release|x86
		{1914D037-B8C5-4449-B398-0EA47884B001}.AppStore|x86.Build.0 = Release|x86
		{1914D037-B8C5-4449-B398-0EA47884B001}.AppStore|x86.Deploy.0 = Release|x86
		{1914D037-B8C5-4449-B398-0EA47884B001}.Debug|Any CPU.ActiveCfg = Debug|x86
		{1914D037-B8C5-4449-B398-0EA47884B001}.Debug|Any CPU.Build.0 = Debug|x86
		{1914D037-B8C5-4449-B398-0EA47884B001}.Debug|Any CPU.Deploy.0 = Debug|x86
		{1914D037-B8C5-4449-B398-0EA47884B001}.Debug|ARM.ActiveCfg = Debug|ARM
		{1914D037-B8C5-4449-B398-0EA47884B001}.Debug|ARM.Build.0 = Debug|ARM
		{1914D037-B8C5-4449-B398-0EA47884B001}.Debug|ARM.Deploy.0 = Debug|ARM
		{1914D037-B8C5-4449-B398-0EA47884B001}.Debug|iPhone.ActiveCfg = Debug|x86
		{1914D037-B8C5-4449-B398-0EA47884B001}.Debug|iPhone.Build.0 = Debug|x86
		{1914D037-B8C5-4449-B398-0EA47884B001}.Debug|iPhone.Deploy.0 = Debug|x86
		{1914D037-B8C5-4449-B398-0EA47884B001}.Debug|iPhoneSimulator.ActiveCfg = Debug|x86
		{1914D037-B8C5-4449-B398-0EA47884B001}.Debug|iPhoneSimulator.Build.0 = Debug|x86
		{1914D037-B8C5-4449-B398-0EA47884B001}.Debug|iPhoneSimulator.Deploy.0 = Debug|x86
		{1914D037-B8C5-4449-B398-0EA47884B001}.Debug|x64.ActiveCfg = Debug|x64
		{1914D037-B8C5-4449-B398-0EA47884B001}.Debug|x64.Build.0 = Debug|x64
		{1914D037-B8C5-4449-B398-0EA47884B001}.Debug|x64.Deploy.0 = Debug|x64
		{1914D037-B8C5-4449-B398-0EA47884B001}.Debug|x86.ActiveCfg = Debug|x86
		{1914D037-B8C5-4449-B398-0EA47884B001}.Debug|x86.Build.0 = Debug|x86
		{1914D037-B8C5-4449-B398-0EA47884B001}.Debug|x86.Deploy.0 = Debug|x86
		{1914D037-B8C5-4449-B398-0EA47884B001}.Release|Any CPU.ActiveCfg = Release|x86
		{1914D037-B8C5-4449-B398-0EA47884B001}.Release|Any CPU.Build.0 = Release|x86
		{1914D037-B8C5-4449-B398-0EA47884B001}.Release|Any CPU.Deploy.0 = Release|x86
		{1914D037-B8C5-4449-B398-0EA47884B001}.Release|ARM.ActiveCfg = Release|ARM
		{1914D037-B8C5-4449-B398-0EA47884B001}.Release|ARM.Build.0 = Release|ARM
		{1914D037-B8C5-4449-B398-0EA47884B001}.Release|ARM.Deploy.0 = Release|ARM
		{1914D037-B8C5-4449-B398-0EA47884B001}.Release|iPhone.ActiveCfg = Release|x86
		{1914D037-B8C5-4449-B398-0EA47884B001}.Release|iPhone.Build.0 = Release|x86
		{1914D037-B8C5-4449-B398-0EA47884B001}.Release|iPhone.Deploy.0 = Release|x86
		{1914D037-B8C5-4449-B398-0EA47884B001}.Release|iPhoneSimulator.ActiveCfg = Release|x86
		{1914D037-B8C5-4449-B398-0EA47884B001}.Release|iPhoneSimulator.Build.0 = Release|x86
		{1914D037-B8C5-4449-B398-0EA47884B001}.Release|iPhoneSimulator.Deploy.0 = Release|x86
		{1914D037-B8C5-4449-B398-0EA47884B001}.Release|x64.ActiveCfg = Release|x64
		{1914D037-B8C5-4449-B398-0EA47884B001}.Release|x64.Build.0 = Release|x64
		{1914D037-B8C5-4449-B398-0EA47884B001}.Release|x64.Deploy.0 = Release|x64
		{1914D037-B8C5-4449-B398-0EA47884B001}.Release|x86.ActiveCfg = Release|x86
		{1914D037-B8C5-4449-B398-0EA47884B001}.Release|x86.Build.0 = Release|x86
		{1914D037-B8C5-4449-B398-0EA47884B001}.Release|x86.Deploy.0 = Release|x86
		{2D37B7AD-3DC2-4231-A37A-CCC242B94FC9}.Ad-Hoc|Any CPU.ActiveCfg = Debug|Any CPU
		{2D37B7AD-3DC2-4231-A37A-CCC242B94FC9}.Ad-Hoc|Any CPU.Build.0 = Debug|Any CPU
		{2D37B7AD-3DC2-4231-A37A-CCC242B94FC9}.Ad-Hoc|Any CPU.Deploy.0 = Debug|Any CPU
		{2D37B7AD-3DC2-4231-A37A-CCC242B94FC9}.Ad-Hoc|ARM.ActiveCfg = Debug|Any CPU
		{2D37B7AD-3DC2-4231-A37A-CCC242B94FC9}.Ad-Hoc|ARM.Build.0 = Debug|Any CPU
		{2D37B7AD-3DC2-4231-A37A-CCC242B94FC9}.Ad-Hoc|ARM.Deploy.0 = Debug|Any CPU
		{2D37B7AD-3DC2-4231-A37A-CCC242B94FC9}.Ad-Hoc|iPhone.ActiveCfg = Debug|Any CPU
		{2D37B7AD-3DC2-4231-A37A-CCC242B94FC9}.Ad-Hoc|iPhone.Build.0 = Debug|Any CPU
		{2D37B7AD-3DC2-4231-A37A-CCC242B94FC9}.Ad-Hoc|iPhone.Deploy.0 = Debug|Any CPU
		{2D37B7AD-3DC2-4231-A37A-CCC242B94FC9}.Ad-Hoc|iPhoneSimulator.ActiveCfg = Debug|Any CPU
		{2D37B7AD-3DC2-4231-A37A-CCC242B94FC9}.Ad-Hoc|iPhoneSimulator.Build.0 = Debug|Any CPU
		{2D37B7AD-3DC2-4231-A37A-CCC242B94FC9}.Ad-Hoc|iPhoneSimulator.Deploy.0 = Debug|Any CPU
		{2D37B7AD-3DC2-4231-A37A-CCC242B94FC9}.Ad-Hoc|x64.ActiveCfg = Debug|Any CPU
		{2D37B7AD-3DC2-4231-A37A-CCC242B94FC9}.Ad-Hoc|x64.Build.0 = Debug|Any CPU
		{2D37B7AD-3DC2-4231-A37A-CCC242B94FC9}.Ad-Hoc|x64.Deploy.0 = Debug|Any CPU
		{2D37B7AD-3DC2-4231-A37A-CCC242B94FC9}.Ad-Hoc|x86.ActiveCfg = Debug|Any CPU
		{2D37B7AD-3DC2-4231-A37A-CCC242B94FC9}.Ad-Hoc|x86.Build.0 = Debug|Any CPU
		{2D37B7AD-3DC2-4231-A37A-CCC242B94FC9}.Ad-Hoc|x86.Deploy.0 = Debug|Any CPU
		{2D37B7AD-3DC2-4231-A37A-CCC242B94FC9}.AppStore|Any CPU.ActiveCfg = Debug|Any CPU
		{2D37B7AD-3DC2-4231-A37A-CCC242B94FC9}.AppStore|Any CPU.Build.0 = Debug|Any CPU
		{2D37B7AD-3DC2-4231-A37A-CCC242B94FC9}.AppStore|Any CPU.Deploy.0 = Debug|Any CPU
		{2D37B7AD-3DC2-4231-A37A-CCC242B94FC9}.AppStore|ARM.ActiveCfg = Debug|Any CPU
		{2D37B7AD-3DC2-4231-A37A-CCC242B94FC9}.AppStore|ARM.Build.0 = Debug|Any CPU
		{2D37B7AD-3DC2-4231-A37A-CCC242B94FC9}.AppStore|ARM.Deploy.0 = Debug|Any CPU
		{2D37B7AD-3DC2-4231-A37A-CCC242B94FC9}.AppStore|iPhone.ActiveCfg = Debug|Any CPU
		{2D37B7AD-3DC2-4231-A37A-CCC242B94FC9}.AppStore|iPhone.Build.0 = Debug|Any CPU
		{2D37B7AD-3DC2-4231-A37A-CCC242B94FC9}.AppStore|iPhone.Deploy.0 = Debug|Any CPU
		{2D37B7AD-3DC2-4231-A37A-CCC242B94FC9}.AppStore|iPhoneSimulator.ActiveCfg = Debug|Any CPU
		{2D37B7AD-3DC2-4231-A37A-CCC242B94FC9}.AppStore|iPhoneSimulator.Build.0 = Debug|Any CPU
		{2D37B7AD-3DC2-4231-A37A-CCC242B94FC9}.AppStore|iPhoneSimulator.Deploy.0 = Debug|Any CPU
		{2D37B7AD-3DC2-4231-A37A-CCC242B94FC9}.AppStore|x64.ActiveCfg = Debug|Any CPU
		{2D37B7AD-3DC2-4231-A37A-CCC242B94FC9}.AppStore|x64.Build.0 = Debug|Any CPU
		{2D37B7AD-3DC2-4231-A37A-CCC242B94FC9}.AppStore|x64.Deploy.0 = Debug|Any CPU
		{2D37B7AD-3DC2-4231-A37A-CCC242B94FC9}.AppStore|x86.ActiveCfg = Debug|Any CPU
		{2D37B7AD-3DC2-4231-A37A-CCC242B94FC9}.AppStore|x86.Build.0 = Debug|Any CPU
		{2D37B7AD-3DC2-4231-A37A-CCC242B94FC9}.AppStore|x86.Deploy.0 = Debug|Any CPU
		{2D37B7AD-3DC2-4231-A37A-CCC242B94FC9}.Debug|Any CPU.ActiveCfg = Debug|Any CPU
		{2D37B7AD-3DC2-4231-A37A-CCC242B94FC9}.Debug|Any CPU.Build.0 = Debug|Any CPU
		{2D37B7AD-3DC2-4231-A37A-CCC242B94FC9}.Debug|Any CPU.Deploy.0 = Debug|Any CPU
		{2D37B7AD-3DC2-4231-A37A-CCC242B94FC9}.Debug|ARM.ActiveCfg = Debug|Any CPU
		{2D37B7AD-3DC2-4231-A37A-CCC242B94FC9}.Debug|ARM.Build.0 = Debug|Any CPU
		{2D37B7AD-3DC2-4231-A37A-CCC242B94FC9}.Debug|ARM.Deploy.0 = Debug|Any CPU
		{2D37B7AD-3DC2-4231-A37A-CCC242B94FC9}.Debug|iPhone.ActiveCfg = Debug|Any CPU
		{2D37B7AD-3DC2-4231-A37A-CCC242B94FC9}.Debug|iPhone.Build.0 = Debug|Any CPU
		{2D37B7AD-3DC2-4231-A37A-CCC242B94FC9}.Debug|iPhone.Deploy.0 = Debug|Any CPU
		{2D37B7AD-3DC2-4231-A37A-CCC242B94FC9}.Debug|iPhoneSimulator.ActiveCfg = Debug|Any CPU
		{2D37B7AD-3DC2-4231-A37A-CCC242B94FC9}.Debug|iPhoneSimulator.Build.0 = Debug|Any CPU
		{2D37B7AD-3DC2-4231-A37A-CCC242B94FC9}.Debug|iPhoneSimulator.Deploy.0 = Debug|Any CPU
		{2D37B7AD-3DC2-4231-A37A-CCC242B94FC9}.Debug|x64.ActiveCfg = Debug|Any CPU
		{2D37B7AD-3DC2-4231-A37A-CCC242B94FC9}.Debug|x64.Build.0 = Debug|Any CPU
		{2D37B7AD-3DC2-4231-A37A-CCC242B94FC9}.Debug|x64.Deploy.0 = Debug|Any CPU
		{2D37B7AD-3DC2-4231-A37A-CCC242B94FC9}.Debug|x86.ActiveCfg = Debug|Any CPU
		{2D37B7AD-3DC2-4231-A37A-CCC242B94FC9}.Debug|x86.Build.0 = Debug|Any CPU
		{2D37B7AD-3DC2-4231-A37A-CCC242B94FC9}.Debug|x86.Deploy.0 = Debug|Any CPU
		{2D37B7AD-3DC2-4231-A37A-CCC242B94FC9}.Release|Any CPU.ActiveCfg = Release|Any CPU
		{2D37B7AD-3DC2-4231-A37A-CCC242B94FC9}.Release|Any CPU.Build.0 = Release|Any CPU
		{2D37B7AD-3DC2-4231-A37A-CCC242B94FC9}.Release|Any CPU.Deploy.0 = Release|Any CPU
		{2D37B7AD-3DC2-4231-A37A-CCC242B94FC9}.Release|ARM.ActiveCfg = Release|Any CPU
		{2D37B7AD-3DC2-4231-A37A-CCC242B94FC9}.Release|ARM.Build.0 = Release|Any CPU
		{2D37B7AD-3DC2-4231-A37A-CCC242B94FC9}.Release|ARM.Deploy.0 = Release|Any CPU
		{2D37B7AD-3DC2-4231-A37A-CCC242B94FC9}.Release|iPhone.ActiveCfg = Release|Any CPU
		{2D37B7AD-3DC2-4231-A37A-CCC242B94FC9}.Release|iPhone.Build.0 = Release|Any CPU
		{2D37B7AD-3DC2-4231-A37A-CCC242B94FC9}.Release|iPhone.Deploy.0 = Release|Any CPU
		{2D37B7AD-3DC2-4231-A37A-CCC242B94FC9}.Release|iPhoneSimulator.ActiveCfg = Release|Any CPU
		{2D37B7AD-3DC2-4231-A37A-CCC242B94FC9}.Release|iPhoneSimulator.Build.0 = Release|Any CPU
		{2D37B7AD-3DC2-4231-A37A-CCC242B94FC9}.Release|iPhoneSimulator.Deploy.0 = Release|Any CPU
		{2D37B7AD-3DC2-4231-A37A-CCC242B94FC9}.Release|x64.ActiveCfg = Release|Any CPU
		{2D37B7AD-3DC2-4231-A37A-CCC242B94FC9}.Release|x64.Build.0 = Release|Any CPU
		{2D37B7AD-3DC2-4231-A37A-CCC242B94FC9}.Release|x64.Deploy.0 = Release|Any CPU
		{2D37B7AD-3DC2-4231-A37A-CCC242B94FC9}.Release|x86.ActiveCfg = Release|Any CPU
		{2D37B7AD-3DC2-4231-A37A-CCC242B94FC9}.Release|x86.Build.0 = Release|Any CPU
		{2D37B7AD-3DC2-4231-A37A-CCC242B94FC9}.Release|x86.Deploy.0 = Release|Any CPU
	EndGlobalSection
	GlobalSection(SolutionProperties) = preSolution
		HideSolutionNode = FALSE
	EndGlobalSection
	GlobalSection(ExtensibilityGlobals) = postSolution
		SolutionGuid = {D12808E6-F1CE-4A00-B616-53BDB96B38FB}
	EndGlobalSection
EndGlobal
